{
  "name": "@eligian/language",
  "version": "0.0.1",
  "lockfileVersion": 3,
  "requires": true,
  "packages": {
    "": {
      "name": "@eligian/language",
      "version": "0.0.1",
      "dependencies": {
        "css-tree": "^2.3.1",
        "domhandler": "^5.0.3",
        "domutils": "^3.2.2",
        "effect": "3.18.4",
        "eligius": "1.3.1",
        "fast-check": "4.3.0",
        "htmlparser2": "^9.1.0",
        "langium": "4.0.3",
        "typir": "^0.3.0",
        "typir-langium": "^0.3.0"
      },
      "devDependencies": {
        "langium-cli": "4.0.0",
        "tsx": "4.20.6",
        "vitest": "3.2.4"
      },
      "engines": {
        "node": ">=20.10.0",
        "npm": ">=10.2.3"
      }
    },
    "../../node_modules/.pnpm/effect@3.18.4/node_modules/effect": {
      "version": "3.18.4",
      "license": "MIT",
      "dependencies": {
        "@standard-schema/spec": "^1.0.0",
        "fast-check": "^3.23.1"
      }
    },
    "../../node_modules/.pnpm/eligius@1.3.1_jquery@3.7.1_lottie-web@5.13.0_video.js@8.23.4/node_modules/eligius": {
      "version": "1.3.1",
      "license": "MIT",
      "dependencies": {
        "hotkeys-js": "3.13.15",
        "ts-is-present": "1.2.2",
        "uuid": "13.0.0"
      },
      "devDependencies": {
        "@biomejs/biome": "2.2.6",
        "@ts-morph/bootstrap": "0.28.1",
        "@types/chai": "5.2.2",
        "@types/fs-extra": "11.0.4",
        "@types/jquery": "3.5.33",
        "@types/jsdom": "27.0.0",
        "@types/node": "24.9.0",
        "@types/sinon": "17.0.4",
        "@types/uuid": "11.0.0",
        "@vitest/coverage-istanbul": "3.2.4",
        "canvas": "3.2.0",
        "chai": "6.2.0",
        "fs-extra": "11.3.2",
        "jquery": "3.7.1",
        "jsdom": "27.0.1",
        "jsdom-global": "3.0.2",
        "lottie-web": "5.13.0",
        "rimraf": "6.0.1",
        "sinon": "21.0.0",
        "ts-morph": "27.0.2",
        "tsconfig-paths": "4.2.0",
        "tsdown": "0.15.9",
        "tslib": "2.8.1",
        "tsx": "4.20.6",
        "typedoc": "0.28.14",
        "typedoc-plugin-missing-exports": "4.1.2",
        "typescript": "5.9.3",
        "uvu": "0.5.6",
        "video.js": "8.23.4",
        "vitest": "3.2.4",
        "watchlist": "0.3.1"
      },
      "engines": {
        "node": ">=20"
      },
      "peerDependencies": {
        "jquery": "3.7.1",
        "lottie-web": "5.13.0",
        "video.js": "8.21.0"
      }
    },
    "../../node_modules/.pnpm/fast-check@4.3.0/node_modules/fast-check": {
      "version": "4.3.0",
      "funding": [
        {
          "type": "individual",
          "url": "https://github.com/sponsors/dubzzz"
        },
        {
          "type": "opencollective",
          "url": "https://opencollective.com/fast-check"
        }
      ],
      "license": "MIT",
      "dependencies": {
        "pure-rand": "^7.0.0"
      },
      "devDependencies": {
        "@fast-check/expect-type": "0.2.1",
        "@fast-check/poisoning": "0.2.3",
        "@microsoft/api-extractor": "^7.52.11",
        "@types/node": "^22.18.0",
        "cross-env": "^10.0.0",
        "fast-check": "4.3.0",
        "glob": "^11.0.3",
        "not-node-buffer": "npm:buffer@^6.0.3",
        "regexp-tree": "^0.1.27",
        "replace-in-file": "^8.3.0",
        "typedoc": "^0.28.11",
        "typescript": "~5.9.2",
        "vitest": "^3.2.4"
      },
      "engines": {
        "node": ">=12.17.0"
      }
    },
    "../../node_modules/.pnpm/langium-cli@4.0.0/node_modules/langium-cli": {
      "version": "4.0.0",
      "dev": true,
      "license": "MIT",
      "dependencies": {
        "chalk": "~5.4.1",
        "commander": "~14.0.0",
        "fs-extra": "~11.3.0",
        "jsonschema": "~1.5.0",
        "langium": "~4.0.0",
        "langium-railroad": "~4.0.0",
        "lodash": "~4.17.21"
      },
      "bin": {
        "langium": "bin/langium.js"
      },
      "devDependencies": {
        "@types/fs-extra": "~11.0.1"
      },
      "engines": {
        "node": ">=20.10.0",
        "npm": ">=10.2.3"
      }
    },
    "../../node_modules/.pnpm/langium@4.0.3/node_modules/langium": {
      "version": "4.0.3",
      "license": "MIT",
      "dependencies": {
        "chevrotain": "~11.0.3",
        "chevrotain-allstar": "~0.3.0",
        "vscode-languageserver": "~9.0.1",
        "vscode-languageserver-textdocument": "~1.0.11",
        "vscode-uri": "~3.1.0"
      },
      "devDependencies": {
        "langium-cli": "~4.0.0",
        "typedoc": "~0.28.2"
      },
      "engines": {
        "node": ">=20.10.0",
        "npm": ">=10.2.3"
      }
    },
    "../../node_modules/.pnpm/tsx@4.20.6/node_modules/tsx": {
      "version": "4.20.6",
      "dev": true,
      "license": "MIT",
      "dependencies": {
        "esbuild": "~0.25.0",
        "get-tsconfig": "^4.7.5"
      },
      "bin": {
        "tsx": "dist/cli.mjs"
      },
      "engines": {
        "node": ">=18.0.0"
      },
      "optionalDependencies": {
        "fsevents": "~2.3.3"
      }
    },
    "../../node_modules/.pnpm/typir-langium@0.3.0/node_modules/typir-langium": {
      "version": "0.3.0",
      "license": "MIT",
      "dependencies": {
        "langium": "~4.0.0",
        "typir": "~0.3.0"
      },
      "engines": {
        "node": ">= 18.0.0"
      }
    },
    "../../node_modules/.pnpm/typir@0.3.0/node_modules/typir": {
      "version": "0.3.0",
      "license": "MIT",
      "engines": {
        "node": ">= 18.0.0"
      }
    },
    "../../node_modules/.pnpm/vitest@3.2.4_@types+node@24.9.1_tsx@4.20.6/node_modules/vitest": {
      "version": "3.2.4",
      "dev": true,
      "license": "MIT",
      "dependencies": {
        "@types/chai": "^5.2.2",
        "@vitest/expect": "3.2.4",
        "@vitest/mocker": "3.2.4",
        "@vitest/pretty-format": "^3.2.4",
        "@vitest/runner": "3.2.4",
        "@vitest/snapshot": "3.2.4",
        "@vitest/spy": "3.2.4",
        "@vitest/utils": "3.2.4",
        "chai": "^5.2.0",
        "debug": "^4.4.1",
        "expect-type": "^1.2.1",
        "magic-string": "^0.30.17",
        "pathe": "^2.0.3",
        "picomatch": "^4.0.2",
        "std-env": "^3.9.0",
        "tinybench": "^2.9.0",
        "tinyexec": "^0.3.2",
        "tinyglobby": "^0.2.14",
        "tinypool": "^1.1.1",
        "tinyrainbow": "^2.0.0",
        "vite": "^5.0.0 || ^6.0.0 || ^7.0.0-0",
        "vite-node": "3.2.4",
        "why-is-node-running": "^2.3.0"
      },
      "bin": {
        "vitest": "vitest.mjs"
      },
      "devDependencies": {
        "@ampproject/remapping": "^2.3.0",
        "@antfu/install-pkg": "^1.1.0",
        "@edge-runtime/vm": "^5.0.0",
        "@sinonjs/fake-timers": "14.0.0",
        "@types/debug": "^4.1.12",
        "@types/estree": "^1.0.8",
        "@types/istanbul-lib-coverage": "^2.0.6",
        "@types/istanbul-reports": "^3.0.4",
        "@types/jsdom": "^21.1.7",
        "@types/mime": "^4.0.0",
        "@types/node": "^22.15.32",
        "@types/picomatch": "^4.0.0",
        "@types/prompts": "^2.4.9",
        "@types/sinonjs__fake-timers": "^8.1.5",
        "acorn-walk": "^8.3.4",
        "birpc": "2.4.0",
        "cac": "^6.7.14",
        "chai-subset": "^1.6.0",
        "find-up": "^6.3.0",
        "flatted": "^3.3.3",
        "happy-dom": "^17.6.3",
        "jsdom": "^26.1.0",
        "local-pkg": "^1.1.1",
        "mime": "^4.0.7",
        "pretty-format": "^29.7.0",
        "prompts": "^2.4.2",
        "strip-literal": "^3.0.0",
        "ws": "^8.18.2"
      },
      "engines": {
        "node": "^18.0.0 || ^20.0.0 || >=22.0.0"
      },
      "funding": {
        "url": "https://opencollective.com/vitest"
      },
      "peerDependencies": {
        "@edge-runtime/vm": "*",
        "@types/debug": "^4.1.12",
        "@types/node": "^18.0.0 || ^20.0.0 || >=22.0.0",
        "@vitest/browser": "3.2.4",
        "@vitest/ui": "3.2.4",
        "happy-dom": "*",
        "jsdom": "*"
      },
      "peerDependenciesMeta": {
        "@edge-runtime/vm": {
          "optional": true
        },
        "@types/debug": {
          "optional": true
        },
        "@types/node": {
          "optional": true
        },
        "@vitest/browser": {
          "optional": true
        },
        "@vitest/ui": {
          "optional": true
        },
        "happy-dom": {
          "optional": true
        },
        "jsdom": {
          "optional": true
        }
      }
    },
    "node_modules/css-tree": {
      "version": "2.3.1",
      "resolved": "https://registry.npmjs.org/css-tree/-/css-tree-2.3.1.tgz",
      "integrity": "sha512-6Fv1DV/TYw//QF5IzQdqsNDjx/wc8TrMBZsqjL9eW01tWb7R7k/mq+/VXfJCl7SoD5emsJop9cOByJZfs8hYIw==",
      "license": "MIT",
      "dependencies": {
        "mdn-data": "2.0.30",
        "source-map-js": "^1.0.1"
      },
      "engines": {
        "node": "^10 || ^12.20.0 || ^14.13.0 || >=15.0.0"
      }
    },
    "node_modules/dom-serializer": {
      "version": "2.0.0",
      "resolved": "https://registry.npmjs.org/dom-serializer/-/dom-serializer-2.0.0.tgz",
      "integrity": "sha512-wIkAryiqt/nV5EQKqQpo3SToSOV9J0DnbJqwK7Wv/Trc92zIAYZ4FlMu+JPFW1DfGFt81ZTCGgDEabffXeLyJg==",
      "license": "MIT",
      "dependencies": {
        "domelementtype": "^2.3.0",
        "domhandler": "^5.0.2",
        "entities": "^4.2.0"
      },
      "funding": {
        "url": "https://github.com/cheeriojs/dom-serializer?sponsor=1"
      }
    },
    "node_modules/domelementtype": {
      "version": "2.3.0",
      "resolved": "https://registry.npmjs.org/domelementtype/-/domelementtype-2.3.0.tgz",
      "integrity": "sha512-OLETBj6w0OsagBwdXnPdN0cnMfF9opN69co+7ZrbfPGrdpPVNBUj02spi6B1N7wChLQiPn4CSH/zJvXw56gmHw==",
      "funding": [
        {
          "type": "github",
          "url": "https://github.com/sponsors/fb55"
        }
      ],
      "license": "BSD-2-Clause"
    },
    "node_modules/domhandler": {
      "version": "5.0.3",
      "resolved": "https://registry.npmjs.org/domhandler/-/domhandler-5.0.3.tgz",
      "integrity": "sha512-cgwlv/1iFQiFnU96XXgROh8xTeetsnJiDsTc7TYCLFd9+/WNkIqPTxiM/8pSd8VIrhXGTf1Ny1q1hquVqDJB5w==",
      "license": "BSD-2-Clause",
      "dependencies": {
        "domelementtype": "^2.3.0"
      },
      "engines": {
        "node": ">= 4"
      },
      "funding": {
        "url": "https://github.com/fb55/domhandler?sponsor=1"
      }
    },
    "node_modules/domutils": {
      "version": "3.2.2",
      "resolved": "https://registry.npmjs.org/domutils/-/domutils-3.2.2.tgz",
      "integrity": "sha512-6kZKyUajlDuqlHKVX1w7gyslj9MPIXzIFiz/rGu35uC1wMi+kMhQwGhl4lt9unC9Vb9INnY9Z3/ZA3+FhASLaw==",
      "license": "BSD-2-Clause",
      "dependencies": {
        "dom-serializer": "^2.0.0",
        "domelementtype": "^2.3.0",
        "domhandler": "^5.0.3"
      },
      "funding": {
        "url": "https://github.com/fb55/domutils?sponsor=1"
      }
    },
    "node_modules/effect": {
      "resolved": "../../node_modules/.pnpm/effect@3.18.4/node_modules/effect",
      "link": true
    },
    "node_modules/eligius": {
      "resolved": "../../node_modules/.pnpm/eligius@1.3.1_jquery@3.7.1_lottie-web@5.13.0_video.js@8.23.4/node_modules/eligius",
      "link": true
    },
    "node_modules/entities": {
      "version": "4.5.0",
      "resolved": "https://registry.npmjs.org/entities/-/entities-4.5.0.tgz",
      "integrity": "sha512-V0hjH4dGPh9Ao5p0MoRY6BVqtwCjhz6vI5LT8AJ55H+4g9/4vbHx1I54fS0XuclLhDHArPQCiMjDxjaL8fPxhw==",
      "license": "BSD-2-Clause",
      "engines": {
        "node": ">=0.12"
      },
      "funding": {
        "url": "https://github.com/fb55/entities?sponsor=1"
      }
    },
    "node_modules/fast-check": {
      "resolved": "../../node_modules/.pnpm/fast-check@4.3.0/node_modules/fast-check",
      "link": true
    },
    "node_modules/htmlparser2": {
      "version": "9.1.0",
      "resolved": "https://registry.npmjs.org/htmlparser2/-/htmlparser2-9.1.0.tgz",
      "integrity": "sha512-5zfg6mHUoaer/97TxnGpxmbR7zJtPwIYFMZ/H5ucTlPZhKvtum05yiPK3Mgai3a0DyVxv7qYqoweaEd2nrYQzQ==",
      "funding": [
        "https://github.com/fb55/htmlparser2?sponsor=1",
        {
          "type": "github",
          "url": "https://github.com/sponsors/fb55"
        }
      ],
      "license": "MIT",
      "dependencies": {
        "domelementtype": "^2.3.0",
        "domhandler": "^5.0.3",
        "domutils": "^3.1.0",
        "entities": "^4.5.0"
      }
    },
    "node_modules/langium": {
      "resolved": "../../node_modules/.pnpm/langium@4.0.3/node_modules/langium",
      "link": true
    },
    "node_modules/langium-cli": {
      "resolved": "../../node_modules/.pnpm/langium-cli@4.0.0/node_modules/langium-cli",
      "link": true
    },
    "node_modules/mdn-data": {
      "version": "2.0.30",
      "resolved": "https://registry.npmjs.org/mdn-data/-/mdn-data-2.0.30.tgz",
      "integrity": "sha512-GaqWWShW4kv/G9IEucWScBx9G1/vsFZZJUO+tD26M8J8z3Kw5RDQjaoZe03YAClgeS/SWPOcb4nkFBTEi5DUEA==",
      "license": "CC0-1.0"
    },
    "node_modules/source-map-js": {
      "version": "1.2.1",
      "resolved": "https://registry.npmjs.org/source-map-js/-/source-map-js-1.2.1.tgz",
      "integrity": "sha512-UXWMKhLOwVKb728IUtQPXxfYU+usdybtUrK/8uGE8CQMvrhOpwvzDBwj0QhSL7MQc7vIsISBG8VQ8+IDQxpfQA==",
      "license": "BSD-3-Clause",
      "engines": {
        "node": ">=0.10.0"
      }
    },
    "node_modules/tsx": {
      "resolved": "../../node_modules/.pnpm/tsx@4.20.6/node_modules/tsx",
      "link": true
    },
    "node_modules/typir": {
      "resolved": "../../node_modules/.pnpm/typir@0.3.0/node_modules/typir",
      "link": true
    },
    "node_modules/typir-langium": {
      "resolved": "../../node_modules/.pnpm/typir-langium@0.3.0/node_modules/typir-langium",
      "link": true
    },
    "node_modules/vitest": {
      "resolved": "../../node_modules/.pnpm/vitest@3.2.4_@types+node@24.9.1_tsx@4.20.6/node_modules/vitest",
      "link": true
    }
  }
}
